
Microsoft Visual Studio Solution File, Format Version 12.00
# Visual Studio Version 16
VisualStudioVersion = 16.0.31911.196
MinimumVisualStudioVersion = 10.0.40219.1
Project("{FAE04EC0-301F-11D3-BF4B-00C04F79EFBC}") = "Kohonen", "Kohonen\Kohonen.csproj", "{A8447799-17A9-42D3-916B-02666F4C45BE}"
EndProject
Global
	GlobalSection(SolutionConfigurationPlatforms) = preSolution
		Debug|Any CPU = Debug|Any CPU
		Release|Any CPU = Release|Any CPU
	EndGlobalSection
	GlobalSection(ProjectConfigurationPlatforms) = postSolution
		{A8447799-17A9-42D3-916B-02666F4C45BE}.Debug|Any CPU.ActiveCfg = Debug|Any CPU
		{A8447799-17A9-42D3-916B-02666F4C45BE}.Debug|Any CPU.Build.0 = Debug|Any CPU
		{A8447799-17A9-42D3-916B-02666F4C45BE}.Release|Any CPU.ActiveCfg = Release|Any CPU
		{A8447799-17A9-42D3-916B-02666F4C45BE}.Release|Any CPU.Build.0 = Release|Any CPU
	EndGlobalSection
	GlobalSection(SolutionProperties) = preSolution
		HideSolutionNode = FALSE
	EndGlobalSection
	GlobalSection(ExtensibilityGlobals) = postSolution
		SolutionGuid = {BDE7BD3E-BA26-44C5-B538-7A7043799FCE}
	EndGlobalSection
EndGlobal
